
Microsoft Visual Studio Solution File, Format Version 12.00
# Visual Studio Version 17
VisualStudioVersion = 17.8.34330.188
MinimumVisualStudioVersion = 10.0.40219.1
Project("{9A19103F-16F7-4668-BE54-9A1E7A4F7556}") = "DotNet", "DotNet.csproj", "{C173DDAA-2AEA-4A5F-A70F-2FEC55A4A081}"
EndProject
Project("{2150E333-8FDC-42A3-9474-1A3956D46DE8}") = "Net.Core", "Net.Core", "{1806F566-4EA8-42DE-B5D2-60F9787825D4}"
EndProject
Project("{9A19103F-16F7-4668-BE54-9A1E7A4F7556}") = "NetCore.Api.Middleware", "..\NetCore.Api.Middleware\NetCore.Api.Middleware.csproj", "{8DD8706D-EFC5-48A2-83EC-CA798A1B3433}"
EndProject
Project("{2150E333-8FDC-42A3-9474-1A3956D46DE8}") = "Design.Patterns", "Design.Patterns", "{437A14E2-5998-4D4F-A235-51B81E5AFBE3}"
EndProject
Project("{9A19103F-16F7-4668-BE54-9A1E7A4F7556}") = "SingletonPattern", "..\SingletonPattern\SingletonPattern.csproj", "{85D7E5F8-54A7-4677-A5C6-F682987EA611}"
EndProject
Project("{9A19103F-16F7-4668-BE54-9A1E7A4F7556}") = "SimpleFactory", "..\SimpleFactory\SimpleFactory.csproj", "{27903057-ECCD-4FB2-975A-1CC087D3E4BF}"
EndProject
Project("{9A19103F-16F7-4668-BE54-9A1E7A4F7556}") = "AspNetCore.Api.MiniApi", "..\AspNetCore.Api.MiniApi\AspNetCore.Api.MiniApi.csproj", "{9B425F13-35C4-49E0-A512-B0A0D046D8FE}"
EndProject
Project("{9A19103F-16F7-4668-BE54-9A1E7A4F7556}") = "AspNetCore.IOC", "..\AspNet.IOC\AspNetCore.IOC.csproj", "{447AB457-8E2D-41F1-813A-EE2D673A3116}"
EndProject
Project("{9A19103F-16F7-4668-BE54-9A1E7A4F7556}") = "ASPNetCore.Api.AOP", "..\ASPNetCore.Api.AOP\ASPNetCore.Api.AOP.csproj", "{8491173F-6E15-479F-AC6D-6F3693599880}"
EndProject
Project("{9A19103F-16F7-4668-BE54-9A1E7A4F7556}") = "NetCore.ConsoleThread", "..\NetCore.Console.Thread\NetCore.ConsoleThread.csproj", "{84F54107-8118-4A7A-9D09-CE8F39E39811}"
EndProject
Project("{9A19103F-16F7-4668-BE54-9A1E7A4F7556}") = "AspNetCore.Api.ConfigurationService", "..\AspNetCore.Api.ConfigurationService\AspNetCore.Api.ConfigurationService.csproj", "{138C31F4-FEE7-48CA-8636-4CBA604E6F38}"
EndProject
Project("{9A19103F-16F7-4668-BE54-9A1E7A4F7556}") = "AspNetCore.Api.Pollys", "..\AspNetCore.Api.Pollys\AspNetCore.Api.Pollys.csproj", "{C0AC1D94-4ADB-4802-99D3-72A41C2747E0}"
EndProject
Project("{9A19103F-16F7-4668-BE54-9A1E7A4F7556}") = "Asp.Net.Core.InternetProtocol", "..\Asp.Net.Core.InternetProtocol\Asp.Net.Core.InternetProtocol.csproj", "{D43B5A49-57DA-48CC-A40D-C2AF3DE4EE9E}"
EndProject
Project("{FAE04EC0-301F-11D3-BF4B-00C04F79EFBC}") = "BuilderPattern", "..\BuilderPattern\BuilderPattern.csproj", "{5DD59F3F-BF34-49D0-8A6E-87BD32D88D35}"
EndProject
Global
	GlobalSection(SolutionConfigurationPlatforms) = preSolution
		Debug|Any CPU = Debug|Any CPU
		Release|Any CPU = Release|Any CPU
	EndGlobalSection
	GlobalSection(ProjectConfigurationPlatforms) = postSolution
		{C173DDAA-2AEA-4A5F-A70F-2FEC55A4A081}.Debug|Any CPU.ActiveCfg = Debug|Any CPU
		{C173DDAA-2AEA-4A5F-A70F-2FEC55A4A081}.Debug|Any CPU.Build.0 = Debug|Any CPU
		{C173DDAA-2AEA-4A5F-A70F-2FEC55A4A081}.Release|Any CPU.ActiveCfg = Release|Any CPU
		{C173DDAA-2AEA-4A5F-A70F-2FEC55A4A081}.Release|Any CPU.Build.0 = Release|Any CPU
		{8DD8706D-EFC5-48A2-83EC-CA798A1B3433}.Debug|Any CPU.ActiveCfg = Debug|Any CPU
		{8DD8706D-EFC5-48A2-83EC-CA798A1B3433}.Debug|Any CPU.Build.0 = Debug|Any CPU
		{8DD8706D-EFC5-48A2-83EC-CA798A1B3433}.Release|Any CPU.ActiveCfg = Release|Any CPU
		{8DD8706D-EFC5-48A2-83EC-CA798A1B3433}.Release|Any CPU.Build.0 = Release|Any CPU
		{85D7E5F8-54A7-4677-A5C6-F682987EA611}.Debug|Any CPU.ActiveCfg = Debug|Any CPU
		{85D7E5F8-54A7-4677-A5C6-F682987EA611}.Debug|Any CPU.Build.0 = Debug|Any CPU
		{85D7E5F8-54A7-4677-A5C6-F682987EA611}.Release|Any CPU.ActiveCfg = Release|Any CPU
		{85D7E5F8-54A7-4677-A5C6-F682987EA611}.Release|Any CPU.Build.0 = Release|Any CPU
		{27903057-ECCD-4FB2-975A-1CC087D3E4BF}.Debug|Any CPU.ActiveCfg = Debug|Any CPU
		{27903057-ECCD-4FB2-975A-1CC087D3E4BF}.Debug|Any CPU.Build.0 = Debug|Any CPU
		{27903057-ECCD-4FB2-975A-1CC087D3E4BF}.Release|Any CPU.ActiveCfg = Release|Any CPU
		{27903057-ECCD-4FB2-975A-1CC087D3E4BF}.Release|Any CPU.Build.0 = Release|Any CPU
		{9B425F13-35C4-49E0-A512-B0A0D046D8FE}.Debug|Any CPU.ActiveCfg = Debug|Any CPU
		{9B425F13-35C4-49E0-A512-B0A0D046D8FE}.Debug|Any CPU.Build.0 = Debug|Any CPU
		{9B425F13-35C4-49E0-A512-B0A0D046D8FE}.Release|Any CPU.ActiveCfg = Release|Any CPU
		{9B425F13-35C4-49E0-A512-B0A0D046D8FE}.Release|Any CPU.Build.0 = Release|Any CPU
		{447AB457-8E2D-41F1-813A-EE2D673A3116}.Debug|Any CPU.ActiveCfg = Debug|Any CPU
		{447AB457-8E2D-41F1-813A-EE2D673A3116}.Debug|Any CPU.Build.0 = Debug|Any CPU
		{447AB457-8E2D-41F1-813A-EE2D673A3116}.Release|Any CPU.ActiveCfg = Release|Any CPU
		{447AB457-8E2D-41F1-813A-EE2D673A3116}.Release|Any CPU.Build.0 = Release|Any CPU
		{8491173F-6E15-479F-AC6D-6F3693599880}.Debug|Any CPU.ActiveCfg = Debug|Any CPU
		{8491173F-6E15-479F-AC6D-6F3693599880}.Debug|Any CPU.Build.0 = Debug|Any CPU
		{8491173F-6E15-479F-AC6D-6F3693599880}.Release|Any CPU.ActiveCfg = Release|Any CPU
		{8491173F-6E15-479F-AC6D-6F3693599880}.Release|Any CPU.Build.0 = Release|Any CPU
		{84F54107-8118-4A7A-9D09-CE8F39E39811}.Debug|Any CPU.ActiveCfg = Debug|Any CPU
		{84F54107-8118-4A7A-9D09-CE8F39E39811}.Debug|Any CPU.Build.0 = Debug|Any CPU
		{84F54107-8118-4A7A-9D09-CE8F39E39811}.Release|Any CPU.ActiveCfg = Release|Any CPU
		{84F54107-8118-4A7A-9D09-CE8F39E39811}.Release|Any CPU.Build.0 = Release|Any CPU
		{138C31F4-FEE7-48CA-8636-4CBA604E6F38}.Debug|Any CPU.ActiveCfg = Debug|Any CPU
		{138C31F4-FEE7-48CA-8636-4CBA604E6F38}.Debug|Any CPU.Build.0 = Debug|Any CPU
		{138C31F4-FEE7-48CA-8636-4CBA604E6F38}.Release|Any CPU.ActiveCfg = Release|Any CPU
		{138C31F4-FEE7-48CA-8636-4CBA604E6F38}.Release|Any CPU.Build.0 = Release|Any CPU
		{C0AC1D94-4ADB-4802-99D3-72A41C2747E0}.Debug|Any CPU.ActiveCfg = Debug|Any CPU
		{C0AC1D94-4ADB-4802-99D3-72A41C2747E0}.Debug|Any CPU.Build.0 = Debug|Any CPU
		{C0AC1D94-4ADB-4802-99D3-72A41C2747E0}.Release|Any CPU.ActiveCfg = Release|Any CPU
		{C0AC1D94-4ADB-4802-99D3-72A41C2747E0}.Release|Any CPU.Build.0 = Release|Any CPU
		{D43B5A49-57DA-48CC-A40D-C2AF3DE4EE9E}.Debug|Any CPU.ActiveCfg = Debug|Any CPU
		{D43B5A49-57DA-48CC-A40D-C2AF3DE4EE9E}.Debug|Any CPU.Build.0 = Debug|Any CPU
		{D43B5A49-57DA-48CC-A40D-C2AF3DE4EE9E}.Release|Any CPU.ActiveCfg = Release|Any CPU
		{D43B5A49-57DA-48CC-A40D-C2AF3DE4EE9E}.Release|Any CPU.Build.0 = Release|Any CPU
		{5DD59F3F-BF34-49D0-8A6E-87BD32D88D35}.Debug|Any CPU.ActiveCfg = Debug|Any CPU
		{5DD59F3F-BF34-49D0-8A6E-87BD32D88D35}.Debug|Any CPU.Build.0 = Debug|Any CPU
		{5DD59F3F-BF34-49D0-8A6E-87BD32D88D35}.Release|Any CPU.ActiveCfg = Release|Any CPU
		{5DD59F3F-BF34-49D0-8A6E-87BD32D88D35}.Release|Any CPU.Build.0 = Release|Any CPU
	EndGlobalSection
	GlobalSection(SolutionProperties) = preSolution
		HideSolutionNode = FALSE
	EndGlobalSection
	GlobalSection(NestedProjects) = preSolution
		{C173DDAA-2AEA-4A5F-A70F-2FEC55A4A081} = {1806F566-4EA8-42DE-B5D2-60F9787825D4}
		{8DD8706D-EFC5-48A2-83EC-CA798A1B3433} = {1806F566-4EA8-42DE-B5D2-60F9787825D4}
		{85D7E5F8-54A7-4677-A5C6-F682987EA611} = {437A14E2-5998-4D4F-A235-51B81E5AFBE3}
		{27903057-ECCD-4FB2-975A-1CC087D3E4BF} = {437A14E2-5998-4D4F-A235-51B81E5AFBE3}
		{9B425F13-35C4-49E0-A512-B0A0D046D8FE} = {1806F566-4EA8-42DE-B5D2-60F9787825D4}
		{447AB457-8E2D-41F1-813A-EE2D673A3116} = {1806F566-4EA8-42DE-B5D2-60F9787825D4}
		{8491173F-6E15-479F-AC6D-6F3693599880} = {1806F566-4EA8-42DE-B5D2-60F9787825D4}
		{84F54107-8118-4A7A-9D09-CE8F39E39811} = {1806F566-4EA8-42DE-B5D2-60F9787825D4}
		{138C31F4-FEE7-48CA-8636-4CBA604E6F38} = {1806F566-4EA8-42DE-B5D2-60F9787825D4}
		{C0AC1D94-4ADB-4802-99D3-72A41C2747E0} = {1806F566-4EA8-42DE-B5D2-60F9787825D4}
		{D43B5A49-57DA-48CC-A40D-C2AF3DE4EE9E} = {1806F566-4EA8-42DE-B5D2-60F9787825D4}
		{5DD59F3F-BF34-49D0-8A6E-87BD32D88D35} = {437A14E2-5998-4D4F-A235-51B81E5AFBE3}
	EndGlobalSection
	GlobalSection(ExtensibilityGlobals) = postSolution
		SolutionGuid = {19BD2C6B-2BD8-4D3C-8D6B-F6A98071AF2A}
	EndGlobalSection
EndGlobal
